<?xml version="1.0" encoding="utf-8"?>
<Project ToolsVersion="4.0" xmlns="http://schemas.microsoft.com/developer/msbuild/2003">
  <ItemGroup>
    <Filter Include="Source Files">
      <UniqueIdentifier>{4FC737F1-C7A5-4376-A066-2A32D752A2FF}</UniqueIdentifier>
      <Extensions>cpp;cxx;c;def</Extensions>
    </Filter>
    <Filter Include="Header Files">
      <UniqueIdentifier>{93995380-89BD-4b04-88EB-625FBE52EBFB}</UniqueIdentifier>
      <Extensions>h</Extensions>
    </Filter>
    <Filter Include="Resource Files">
      <UniqueIdentifier>{D9D6E242-F8AF-46E4-B9FD-80ECBC20BA3E}</UniqueIdentifier>
      <Extensions>qrc;*</Extensions>
      <ParseFiles>false</ParseFiles>
    </Filter>
    <Filter Include="Generated Files">
      <UniqueIdentifier>{71ED8ED8-ACB9-4CE9-BBE1-E00B30144E11}</UniqueIdentifier>
      <Extensions>moc;h;cpp</Extensions>
      <SourceControlFiles>False</SourceControlFiles>
    </Filter>
    <Filter Include="Generated Files\Debug">
      <UniqueIdentifier>{27111a5f-5b38-4a04-91b3-757ac82928f0}</UniqueIdentifier>
      <Extensions>cpp;moc</Extensions>
      <SourceControlFiles>False</SourceControlFiles>
    </Filter>
    <Filter Include="Generated Files\Release">
      <UniqueIdentifier>{b70ac8d0-bd96-45f0-aa2b-677f19089e82}</UniqueIdentifier>
      <Extensions>cpp;moc</Extensions>
      <SourceControlFiles>False</SourceControlFiles>
    </Filter>
    <Filter Include="Resource Files\texture">
      <UniqueIdentifier>{4f3c62e7-919d-4801-91c4-52793da80d9d}</UniqueIdentifier>
    </Filter>
    <Filter Include="Header Files\DataStruct">
      <UniqueIdentifier>{ace68f12-d0d0-4107-82e4-d48615130e27}</UniqueIdentifier>
    </Filter>
    <Filter Include="Header Files\Algorithm">
      <UniqueIdentifier>{8d19952d-0d76-49d8-9763-9458ba87859d}</UniqueIdentifier>
    </Filter>
    <Filter Include="Header Files\UI">
      <UniqueIdentifier>{58ffca31-09d9-4b77-b16a-641a516a02a4}</UniqueIdentifier>
    </Filter>
    <Filter Include="Source Files\DataStruct">
      <UniqueIdentifier>{4be77fcd-b6a6-4680-a56b-d3f677666899}</UniqueIdentifier>
    </Filter>
    <Filter Include="Source Files\Algorithm">
      <UniqueIdentifier>{f3e0ea52-6f0b-4218-884c-491819062a61}</UniqueIdentifier>
    </Filter>
    <Filter Include="Source Files\UI">
      <UniqueIdentifier>{19276490-966e-4caf-ae0e-dc687be2e115}</UniqueIdentifier>
    </Filter>
    <Filter Include="Header Files\Render">
      <UniqueIdentifier>{fd49eef5-4357-4a00-b24c-eaa0ca0af491}</UniqueIdentifier>
    </Filter>
    <Filter Include="Source Files\Render">
      <UniqueIdentifier>{b24917f9-b976-4f7a-a14f-58c01b9d9e47}</UniqueIdentifier>
    </Filter>
    <Filter Include="Header Files\Util">
      <UniqueIdentifier>{9f3c8815-0483-4aee-8b9b-896989fb5af7}</UniqueIdentifier>
    </Filter>
    <Filter Include="Source Files\Util">
      <UniqueIdentifier>{32a0b57d-c1f7-42d3-8de2-d35a28598c56}</UniqueIdentifier>
    </Filter>
    <Filter Include="Header Files\alglib">
      <UniqueIdentifier>{aabf4bf2-64ab-4fc5-b590-a59a17fdfe9e}</UniqueIdentifier>
    </Filter>
    <Filter Include="Source Files\alglib">
      <UniqueIdentifier>{6d3f36f6-9475-4096-b0bc-fa1a5ca251e5}</UniqueIdentifier>
    </Filter>
  </ItemGroup>
  <ItemGroup>
    <ClCompile Include="main.cpp">
      <Filter>Source Files</Filter>
    </ClCompile>
    <ClCompile Include="GeneratedFiles\Debug\moc_mainwindow.cpp">
      <Filter>Generated Files\Debug</Filter>
    </ClCompile>
    <ClCompile Include="GeneratedFiles\Release\moc_mainwindow.cpp">
      <Filter>Generated Files\Release</Filter>
    </ClCompile>
    <ClCompile Include="mainwindow.cpp">
      <Filter>Source Files</Filter>
    </ClCompile>
    <ClCompile Include="Mesh.cpp">
      <Filter>Source Files\DataStruct</Filter>
    </ClCompile>
    <ClCompile Include="Model.cpp">
      <Filter>Source Files\DataStruct</Filter>
    </ClCompile>
    <ClCompile Include="GeneratedFiles\Debug\moc_DisplaySceneGLWidget.cpp">
      <Filter>Generated Files\Debug</Filter>
    </ClCompile>
    <ClCompile Include="GeneratedFiles\Release\moc_DisplaySceneGLWidget.cpp">
      <Filter>Generated Files\Release</Filter>
    </ClCompile>
    <ClCompile Include="DisplaySceneGLWidget.cpp">
      <Filter>Source Files\UI</Filter>
    </ClCompile>
    <ClCompile Include="Texture.cpp">
      <Filter>Source Files\Render</Filter>
    </ClCompile>
    <ClCompile Include="Assets.cpp">
      <Filter>Source Files\Util</Filter>
    </ClCompile>
    <ClCompile Include="Material.cpp">
      <Filter>Source Files\Render</Filter>
    </ClCompile>
    <ClCompile Include="Light.cpp">
      <Filter>Source Files\Render</Filter>
    </ClCompile>
    <ClCompile Include="Parameter.cpp">
      <Filter>Source Files\Util</Filter>
    </ClCompile>
    <ClCompile Include="Utility.cpp">
      <Filter>Source Files\Util</Filter>
    </ClCompile>
    <ClCompile Include="FurnitureModel.cpp">
      <Filter>Source Files\DataStruct</Filter>
    </ClCompile>
    <ClCompile Include="WallFloorMesh.cpp">
      <Filter>Source Files\DataStruct</Filter>
    </ClCompile>
    <ClCompile Include="DecorationModel.cpp">
      <Filter>Source Files\DataStruct</Filter>
    </ClCompile>
    <ClCompile Include="BoundingBox.cpp">
      <Filter>Source Files\DataStruct</Filter>
    </ClCompile>
    <ClCompile Include="FloorModel.cpp">
      <Filter>Source Files\DataStruct</Filter>
    </ClCompile>
    <ClCompile Include="WallModel.cpp">
      <Filter>Source Files\DataStruct</Filter>
    </ClCompile>
    <ClCompile Include="SupportRegion.cpp">
      <Filter>Source Files\DataStruct</Filter>
    </ClCompile>
    <ClCompile Include="ColorPalette.cpp">
      <Filter>Source Files\Algorithm</Filter>
    </ClCompile>
    <ClCompile Include="SpecctralCluster.cpp">
      <Filter>Source Files\Algorithm</Filter>
    </ClCompile>
    <ClCompile Include="ClusterMethods.cpp">
      <Filter>Source Files\Algorithm</Filter>
    </ClCompile>
    <ClCompile Include="KMeans.cpp">
      <Filter>Source Files\Algorithm</Filter>
    </ClCompile>
    <ClCompile Include="ProbLearning.cpp">
      <Filter>Source Files\Algorithm</Filter>
    </ClCompile>
    <ClCompile Include="GeneratedFiles\Debug\moc_floatingwidget.cpp">
      <Filter>Generated Files\Debug</Filter>
    </ClCompile>
    <ClCompile Include="GeneratedFiles\Release\moc_floatingwidget.cpp">
      <Filter>Generated Files\Release</Filter>
    </ClCompile>
    <ClCompile Include="floatingwidget.cpp">
      <Filter>Source Files\UI</Filter>
    </ClCompile>
    <ClCompile Include="VisualizationTool.cpp">
      <Filter>Source Files\Util</Filter>
    </ClCompile>
    <ClCompile Include="ProbLearnPU.cpp">
      <Filter>Source Files\Algorithm</Filter>
    </ClCompile>
    <ClCompile Include="factor_graph.cpp">
      <Filter>Source Files\Algorithm</Filter>
    </ClCompile>
    <ClCompile Include="RecolorImage.cpp">
      <Filter>Source Files\Algorithm</Filter>
    </ClCompile>
    <ClCompile Include="SmallObjectArrange.cpp">
      <Filter>Source Files\Algorithm</Filter>
    </ClCompile>
    <ClCompile Include="..\3rdparty\include\alglib-3.13.0\src\alglibinternal.cpp">
      <Filter>Source Files\alglib</Filter>
    </ClCompile>
    <ClCompile Include="..\3rdparty\include\alglib-3.13.0\src\alglibmisc.cpp">
      <Filter>Source Files\alglib</Filter>
    </ClCompile>
    <ClCompile Include="..\3rdparty\include\alglib-3.13.0\src\ap.cpp">
      <Filter>Source Files\alglib</Filter>
    </ClCompile>
    <ClCompile Include="..\3rdparty\include\alglib-3.13.0\src\dataanalysis.cpp">
      <Filter>Source Files\alglib</Filter>
    </ClCompile>
    <ClCompile Include="..\3rdparty\include\alglib-3.13.0\src\diffequations.cpp">
      <Filter>Source Files\alglib</Filter>
    </ClCompile>
    <ClCompile Include="..\3rdparty\include\alglib-3.13.0\src\fasttransforms.cpp">
      <Filter>Source Files\alglib</Filter>
    </ClCompile>
    <ClCompile Include="..\3rdparty\include\alglib-3.13.0\src\integration.cpp">
      <Filter>Source Files\alglib</Filter>
    </ClCompile>
    <ClCompile Include="..\3rdparty\include\alglib-3.13.0\src\interpolation.cpp">
      <Filter>Source Files\alglib</Filter>
    </ClCompile>
    <ClCompile Include="..\3rdparty\include\alglib-3.13.0\src\linalg.cpp">
      <Filter>Source Files\alglib</Filter>
    </ClCompile>
    <ClCompile Include="..\3rdparty\include\alglib-3.13.0\src\optimization.cpp">
      <Filter>Source Files\alglib</Filter>
    </ClCompile>
    <ClCompile Include="..\3rdparty\include\alglib-3.13.0\src\solvers.cpp">
      <Filter>Source Files\alglib</Filter>
    </ClCompile>
    <ClCompile Include="..\3rdparty\include\alglib-3.13.0\src\specialfunctions.cpp">
      <Filter>Source Files\alglib</Filter>
    </ClCompile>
    <ClCompile Include="..\3rdparty\include\alglib-3.13.0\src\statistics.cpp">
      <Filter>Source Files\alglib</Filter>
    </ClCompile>
  </ItemGroup>
  <ItemGroup>
    <CustomBuild Include="mainwindow.h">
      <Filter>Header Files</Filter>
    </CustomBuild>
    <CustomBuild Include="DisplaySceneGLWidget.h">
      <Filter>Header Files\UI</Filter>
    </CustomBuild>
    <CustomBuild Include="floatingwidget.h">
      <Filter>Header Files\UI</Filter>
    </CustomBuild>
  </ItemGroup>
  <ItemGroup>
    <ClInclude Include="common.h">
      <Filter>Header Files</Filter>
    </ClInclude>
    <ClInclude Include="LoadFile.h">
      <Filter>Header Files</Filter>
    </ClInclude>
    <ClInclude Include="Shader.h">
      <Filter>Header Files</Filter>
    </ClInclude>
    <ClInclude Include="Mesh.h">
      <Filter>Header Files\DataStruct</Filter>
    </ClInclude>
    <ClInclude Include="Scene.h">
      <Filter>Header Files\DataStruct</Filter>
    </ClInclude>
    <ClInclude Include="Vertex.h">
      <Filter>Header Files\DataStruct</Filter>
    </ClInclude>
    <ClInclude Include="Model.h">
      <Filter>Header Files\DataStruct</Filter>
    </ClInclude>
    <ClInclude Include="Rectangle.h">
      <Filter>Header Files\DataStruct</Filter>
    </ClInclude>
    <ClInclude Include="Camera.h">
      <Filter>Header Files\Render</Filter>
    </ClInclude>
    <ClInclude Include="Parameter.h">
      <Filter>Header Files\Util</Filter>
    </ClInclude>
    <ClInclude Include="Material.h">
      <Filter>Header Files\Render</Filter>
    </ClInclude>
    <ClInclude Include="Texture.h">
      <Filter>Header Files\Render</Filter>
    </ClInclude>
    <ClInclude Include="Assets.h">
      <Filter>Header Files\Util</Filter>
    </ClInclude>
    <ClInclude Include="Light.h">
      <Filter>Header Files\Render</Filter>
    </ClInclude>
    <ClInclude Include="Global.h">
      <Filter>Header Files\Util</Filter>
    </ClInclude>
    <ClInclude Include="Utility.h">
      <Filter>Header Files\Util</Filter>
    </ClInclude>
    <ClInclude Include="FurnitureModel.h">
      <Filter>Header Files\DataStruct</Filter>
    </ClInclude>
    <ClInclude Include="DecorationModel.h">
      <Filter>Header Files\DataStruct</Filter>
    </ClInclude>
    <ClInclude Include="BaseModel.h">
      <Filter>Header Files\DataStruct</Filter>
    </ClInclude>
    <ClInclude Include="WallFloorMesh.h">
      <Filter>Header Files\DataStruct</Filter>
    </ClInclude>
    <ClInclude Include="BoundingBox.h">
      <Filter>Header Files\DataStruct</Filter>
    </ClInclude>
    <ClInclude Include="FloorModel.h">
      <Filter>Header Files\DataStruct</Filter>
    </ClInclude>
    <ClInclude Include="WallModel.h">
      <Filter>Header Files\DataStruct</Filter>
    </ClInclude>
    <ClInclude Include="SupportRegion.h">
      <Filter>Header Files\DataStruct</Filter>
    </ClInclude>
    <ClInclude Include="ColorPalette.h">
      <Filter>Header Files\Algorithm</Filter>
    </ClInclude>
    <ClInclude Include="SpectralCluster.h">
      <Filter>Header Files\Algorithm</Filter>
    </ClInclude>
    <ClInclude Include="KMeans.h">
      <Filter>Header Files\Algorithm</Filter>
    </ClInclude>
    <ClInclude Include="ClusterMethods.h">
      <Filter>Header Files\Algorithm</Filter>
    </ClInclude>
    <ClInclude Include="ProbLearning.h">
      <Filter>Header Files\Algorithm</Filter>
    </ClInclude>
    <ClInclude Include="PercentColor.h">
      <Filter>Header Files\Algorithm</Filter>
    </ClInclude>
    <ClInclude Include="VisualizationTool.h">
      <Filter>Header Files\Util</Filter>
    </ClInclude>
    <ClInclude Include="factor_graph.hpp">
      <Filter>Header Files\Algorithm</Filter>
    </ClInclude>
    <ClInclude Include="RecolorImage.h">
      <Filter>Header Files\Algorithm</Filter>
    </ClInclude>
    <ClInclude Include="MaximizeCoverageSelection.h">
      <Filter>Header Files\Algorithm</Filter>
    </ClInclude>
    <ClInclude Include="MinimizeCoverageSelection.h">
      <Filter>Header Files\Algorithm</Filter>
    </ClInclude>
    <ClInclude Include="SmallObjectArrange.h">
      <Filter>Header Files</Filter>
    </ClInclude>
    <ClInclude Include="..\3rdparty\include\alglib-3.13.0\src\alglibinternal.h">
      <Filter>Header Files\alglib</Filter>
    </ClInclude>
    <ClInclude Include="..\3rdparty\include\alglib-3.13.0\src\alglibmisc.h">
      <Filter>Header Files\alglib</Filter>
    </ClInclude>
    <ClInclude Include="..\3rdparty\include\alglib-3.13.0\src\ap.h">
      <Filter>Header Files\alglib</Filter>
    </ClInclude>
    <ClInclude Include="..\3rdparty\include\alglib-3.13.0\src\dataanalysis.h">
      <Filter>Header Files\alglib</Filter>
    </ClInclude>
    <ClInclude Include="..\3rdparty\include\alglib-3.13.0\src\diffequations.h">
      <Filter>Header Files\alglib</Filter>
    </ClInclude>
    <ClInclude Include="..\3rdparty\include\alglib-3.13.0\src\fasttransforms.h">
      <Filter>Header Files\alglib</Filter>
    </ClInclude>
    <ClInclude Include="..\3rdparty\include\alglib-3.13.0\src\integration.h">
      <Filter>Header Files\alglib</Filter>
    </ClInclude>
    <ClInclude Include="..\3rdparty\include\alglib-3.13.0\src\interpolation.h">
      <Filter>Header Files\alglib</Filter>
    </ClInclude>
    <ClInclude Include="..\3rdparty\include\alglib-3.13.0\src\linalg.h">
      <Filter>Header Files\alglib</Filter>
    </ClInclude>
    <ClInclude Include="..\3rdparty\include\alglib-3.13.0\src\optimization.h">
      <Filter>Header Files\alglib</Filter>
    </ClInclude>
    <ClInclude Include="..\3rdparty\include\alglib-3.13.0\src\solvers.h">
      <Filter>Header Files\alglib</Filter>
    </ClInclude>
    <ClInclude Include="..\3rdparty\include\alglib-3.13.0\src\specialfunctions.h">
      <Filter>Header Files\alglib</Filter>
    </ClInclude>
    <ClInclude Include="..\3rdparty\include\alglib-3.13.0\src\statistics.h">
      <Filter>Header Files\alglib</Filter>
    </ClInclude>
    <ClInclude Include="..\3rdparty\include\alglib-3.13.0\src\stdafx.h">
      <Filter>Header Files\alglib</Filter>
    </ClInclude>
  </ItemGroup>
  <ItemGroup>
    <Image Include="Resources\texture\flower.jpg">
      <Filter>Resource Files\texture</Filter>
    </Image>
  </ItemGroup>
</Project>